
Microsoft Visual Studio Solution File, Format Version 12.00
# Visual Studio Version 16
VisualStudioVersion = 16.0.30907.101
MinimumVisualStudioVersion = 10.0.40219.1
Project("{FAE04EC0-301F-11D3-BF4B-00C04F79EFBC}") = "Employee_data", "Employee_data.csproj", "{9F3F96CD-F409-4539-949D-A07D4317845D}"
EndProject
Global
	GlobalSection(SolutionConfigurationPlatforms) = preSolution
		Debug|Any CPU = Debug|Any CPU
		Release|Any CPU = Release|Any CPU
	EndGlobalSection
	GlobalSection(ProjectConfigurationPlatforms) = postSolution
		{9F3F96CD-F409-4539-949D-A07D4317845D}.Debug|Any CPU.ActiveCfg = Debug|Any CPU
		{9F3F96CD-F409-4539-949D-A07D4317845D}.Debug|Any CPU.Build.0 = Debug|Any CPU
		{9F3F96CD-F409-4539-949D-A07D4317845D}.Release|Any CPU.ActiveCfg = Release|Any CPU
		{9F3F96CD-F409-4539-949D-A07D4317845D}.Release|Any CPU.Build.0 = Release|Any CPU
	EndGlobalSection
	GlobalSection(SolutionProperties) = preSolution
		HideSolutionNode = FALSE
	EndGlobalSection
	GlobalSection(ExtensibilityGlobals) = postSolution
		SolutionGuid = {092BA6D2-B30D-4856-B582-BAC1DA4B5844}
	EndGlobalSection
EndGlobal
